lockfileVersion: '9.0'

settings:
  autoInstallPeers: true
  excludeLinksFromLockfile: false

importers:

  .:
    dependencies:
      stopword:
        specifier: ^3.1.5
        version: 3.1.5

packages:

  stopword@3.1.5:
    resolution: {integrity: sha512-OgLYGVFCNa430WOrj9tYZhQge5yg6vd6JsKredveAqEhdLVQkfrpnQIGjx0L9lLqzL4Kq4J8yNTcfQR/MpBwhg==}

snapshots:

  stopword@3.1.5: {}
